
Microsoft Visual Studio Solution File, Format Version 12.00
# Visual Studio Version 17
VisualStudioVersion = 17.0.32112.339
MinimumVisualStudioVersion = 10.0.40219.1
Project("{FAE04EC0-301F-11D3-BF4B-00C04F79EFBC}") = "ServiceApp", "ServiceApp\ServiceApp.csproj", "{A96A7E79-FCA2-4AAE-A993-93B2FFB94507}"
EndProject
Global
	GlobalSection(SolutionConfigurationPlatforms) = preSolution
		Debug|Any CPU = Debug|Any CPU
		Release|Any CPU = Release|Any CPU
	EndGlobalSection
	GlobalSection(ProjectConfigurationPlatforms) = postSolution
		{A96A7E79-FCA2-4AAE-A993-93B2FFB94507}.Debug|Any CPU.ActiveCfg = Debug|Any CPU
		{A96A7E79-FCA2-4AAE-A993-93B2FFB94507}.Debug|Any CPU.Build.0 = Debug|Any CPU
		{A96A7E79-FCA2-4AAE-A993-93B2FFB94507}.Release|Any CPU.ActiveCfg = Release|Any CPU
		{A96A7E79-FCA2-4AAE-A993-93B2FFB94507}.Release|Any CPU.Build.0 = Release|Any CPU
	EndGlobalSection
	GlobalSection(SolutionProperties) = preSolution
		HideSolutionNode = FALSE
	EndGlobalSection
	GlobalSection(ExtensibilityGlobals) = postSolution
		SolutionGuid = {45AB6C7B-B26C-4F4B-A129-A57B93D2A24D}
	EndGlobalSection
EndGlobal
