
Microsoft Visual Studio Solution File, Format Version 12.00
# Visual Studio Version 17
VisualStudioVersion = 17.5.33502.453
MinimumVisualStudioVersion = 10.0.40219.1
Project("{FAE04EC0-301F-11D3-BF4B-00C04F79EFBC}") = "ChatWCF", "ChatWCF\ChatWCF.csproj", "{B456D9D4-97E5-4756-AD92-C52B182068DD}"
EndProject
Project("{FAE04EC0-301F-11D3-BF4B-00C04F79EFBC}") = "ChatHost", "ChatHost\ChatHost.csproj", "{C83D15ED-5BD6-4B45-9252-2F3C4E3AA1A7}"
EndProject
Project("{FAE04EC0-301F-11D3-BF4B-00C04F79EFBC}") = "ChatClient", "ChatClient\ChatClient.csproj", "{27A77117-5FD9-4BB3-9F56-581F996F2A0F}"
EndProject
Global
	GlobalSection(SolutionConfigurationPlatforms) = preSolution
		Debug|Any CPU = Debug|Any CPU
		Release|Any CPU = Release|Any CPU
	EndGlobalSection
	GlobalSection(ProjectConfigurationPlatforms) = postSolution
		{B456D9D4-97E5-4756-AD92-C52B182068DD}.Debug|Any CPU.ActiveCfg = Debug|Any CPU
		{B456D9D4-97E5-4756-AD92-C52B182068DD}.Debug|Any CPU.Build.0 = Debug|Any CPU
		{B456D9D4-97E5-4756-AD92-C52B182068DD}.Release|Any CPU.ActiveCfg = Release|Any CPU
		{B456D9D4-97E5-4756-AD92-C52B182068DD}.Release|Any CPU.Build.0 = Release|Any CPU
		{C83D15ED-5BD6-4B45-9252-2F3C4E3AA1A7}.Debug|Any CPU.ActiveCfg = Debug|Any CPU
		{C83D15ED-5BD6-4B45-9252-2F3C4E3AA1A7}.Debug|Any CPU.Build.0 = Debug|Any CPU
		{C83D15ED-5BD6-4B45-9252-2F3C4E3AA1A7}.Release|Any CPU.ActiveCfg = Release|Any CPU
		{C83D15ED-5BD6-4B45-9252-2F3C4E3AA1A7}.Release|Any CPU.Build.0 = Release|Any CPU
		{27A77117-5FD9-4BB3-9F56-581F996F2A0F}.Debug|Any CPU.ActiveCfg = Debug|Any CPU
		{27A77117-5FD9-4BB3-9F56-581F996F2A0F}.Debug|Any CPU.Build.0 = Debug|Any CPU
		{27A77117-5FD9-4BB3-9F56-581F996F2A0F}.Release|Any CPU.ActiveCfg = Release|Any CPU
		{27A77117-5FD9-4BB3-9F56-581F996F2A0F}.Release|Any CPU.Build.0 = Release|Any CPU
	EndGlobalSection
	GlobalSection(SolutionProperties) = preSolution
		HideSolutionNode = FALSE
	EndGlobalSection
	GlobalSection(ExtensibilityGlobals) = postSolution
		SolutionGuid = {2751C188-37B3-450A-A4C3-C49E92139504}
	EndGlobalSection
EndGlobal
