
Microsoft Visual Studio Solution File, Format Version 12.00
# Visual Studio Version 17
VisualStudioVersion = 17.0.31912.275
MinimumVisualStudioVersion = 10.0.40219.1
Project("{FAE04EC0-301F-11D3-BF4B-00C04F79EFBC}") = "FactoryMethodApp", "FactoryMethodApp\FactoryMethodApp.csproj", "{ECF36BE0-7CAE-4A9F-A8EE-AA37AEE1C2B3}"
EndProject
Global
	GlobalSection(SolutionConfigurationPlatforms) = preSolution
		Debug|Any CPU = Debug|Any CPU
		Release|Any CPU = Release|Any CPU
	EndGlobalSection
	GlobalSection(ProjectConfigurationPlatforms) = postSolution
		{ECF36BE0-7CAE-4A9F-A8EE-AA37AEE1C2B3}.Debug|Any CPU.ActiveCfg = Debug|Any CPU
		{ECF36BE0-7CAE-4A9F-A8EE-AA37AEE1C2B3}.Debug|Any CPU.Build.0 = Debug|Any CPU
		{ECF36BE0-7CAE-4A9F-A8EE-AA37AEE1C2B3}.Release|Any CPU.ActiveCfg = Release|Any CPU
		{ECF36BE0-7CAE-4A9F-A8EE-AA37AEE1C2B3}.Release|Any CPU.Build.0 = Release|Any CPU
	EndGlobalSection
	GlobalSection(SolutionProperties) = preSolution
		HideSolutionNode = FALSE
	EndGlobalSection
	GlobalSection(ExtensibilityGlobals) = postSolution
		SolutionGuid = {BF04B004-09AF-4D1B-B26A-CFC6FBB8F954}
	EndGlobalSection
EndGlobal
