
Microsoft Visual Studio Solution File, Format Version 12.00
# Visual Studio Version 17
VisualStudioVersion = 17.0.32014.148
MinimumVisualStudioVersion = 10.0.40219.1
Project("{FAE04EC0-301F-11D3-BF4B-00C04F79EFBC}") = "LInQAndList", "LInQAndList\LInQAndList.csproj", "{F42D04CB-C5C2-49D6-85DA-AB96ABC33E90}"
EndProject
Global
	GlobalSection(SolutionConfigurationPlatforms) = preSolution
		Debug|Any CPU = Debug|Any CPU
		Release|Any CPU = Release|Any CPU
	EndGlobalSection
	GlobalSection(ProjectConfigurationPlatforms) = postSolution
		{F42D04CB-C5C2-49D6-85DA-AB96ABC33E90}.Debug|Any CPU.ActiveCfg = Debug|Any CPU
		{F42D04CB-C5C2-49D6-85DA-AB96ABC33E90}.Debug|Any CPU.Build.0 = Debug|Any CPU
		{F42D04CB-C5C2-49D6-85DA-AB96ABC33E90}.Release|Any CPU.ActiveCfg = Release|Any CPU
		{F42D04CB-C5C2-49D6-85DA-AB96ABC33E90}.Release|Any CPU.Build.0 = Release|Any CPU
	EndGlobalSection
	GlobalSection(SolutionProperties) = preSolution
		HideSolutionNode = FALSE
	EndGlobalSection
	GlobalSection(ExtensibilityGlobals) = postSolution
		SolutionGuid = {73B87F6C-D2AB-4A8E-B0FD-66F95F651251}
	EndGlobalSection
EndGlobal
