
Microsoft Visual Studio Solution File, Format Version 12.00
# Visual Studio Version 17
VisualStudioVersion = 17.0.32014.148
MinimumVisualStudioVersion = 10.0.40219.1
Project("{FAE04EC0-301F-11D3-BF4B-00C04F79EFBC}") = "BankNotification", "BankNotification\BankNotification.csproj", "{937341DC-C2C2-45E8-B421-9EDDBCC0CEB3}"
EndProject
Global
	GlobalSection(SolutionConfigurationPlatforms) = preSolution
		Debug|Any CPU = Debug|Any CPU
		Release|Any CPU = Release|Any CPU
	EndGlobalSection
	GlobalSection(ProjectConfigurationPlatforms) = postSolution
		{937341DC-C2C2-45E8-B421-9EDDBCC0CEB3}.Debug|Any CPU.ActiveCfg = Debug|Any CPU
		{937341DC-C2C2-45E8-B421-9EDDBCC0CEB3}.Debug|Any CPU.Build.0 = Debug|Any CPU
		{937341DC-C2C2-45E8-B421-9EDDBCC0CEB3}.Release|Any CPU.ActiveCfg = Release|Any CPU
		{937341DC-C2C2-45E8-B421-9EDDBCC0CEB3}.Release|Any CPU.Build.0 = Release|Any CPU
	EndGlobalSection
	GlobalSection(SolutionProperties) = preSolution
		HideSolutionNode = FALSE
	EndGlobalSection
	GlobalSection(ExtensibilityGlobals) = postSolution
		SolutionGuid = {23787EFF-4F3F-41C8-96BE-2CAEDEDF0D15}
	EndGlobalSection
EndGlobal
